
Microsoft Visual Studio Solution File, Format Version 12.00
# Visual Studio Version 16
VisualStudioVersion = 16.0.30204.135
MinimumVisualStudioVersion = 10.0.40219.1
Project("{8BC9CEB8-8B4A-11D0-8D11-00A0C91BC942}") = "for_while", "for_while.vcxproj", "{62FAFE1D-A7A6-4B0B-B9A0-39826DCF8955}"
EndProject
Global
	GlobalSection(SolutionConfigurationPlatforms) = preSolution
		Debug|x64 = Debug|x64
		Debug|x86 = Debug|x86
		Release|x64 = Release|x64
		Release|x86 = Release|x86
	EndGlobalSection
	GlobalSection(ProjectConfigurationPlatforms) = postSolution
		{62FAFE1D-A7A6-4B0B-B9A0-39826DCF8955}.Debug|x64.ActiveCfg = Debug|x64
		{62FAFE1D-A7A6-4B0B-B9A0-39826DCF8955}.Debug|x64.Build.0 = Debug|x64
		{62FAFE1D-A7A6-4B0B-B9A0-39826DCF8955}.Debug|x86.ActiveCfg = Debug|Win32
		{62FAFE1D-A7A6-4B0B-B9A0-39826DCF8955}.Debug|x86.Build.0 = Debug|Win32
		{62FAFE1D-A7A6-4B0B-B9A0-39826DCF8955}.Release|x64.ActiveCfg = Release|x64
		{62FAFE1D-A7A6-4B0B-B9A0-39826DCF8955}.Release|x64.Build.0 = Release|x64
		{62FAFE1D-A7A6-4B0B-B9A0-39826DCF8955}.Release|x86.ActiveCfg = Release|Win32
		{62FAFE1D-A7A6-4B0B-B9A0-39826DCF8955}.Release|x86.Build.0 = Release|Win32
	EndGlobalSection
	GlobalSection(SolutionProperties) = preSolution
		HideSolutionNode = FALSE
	EndGlobalSection
	GlobalSection(ExtensibilityGlobals) = postSolution
		SolutionGuid = {3101BF48-28ED-44A2-915B-28C388173E92}
	EndGlobalSection
EndGlobal
